
Microsoft Visual Studio Solution File, Format Version 12.00
# Visual Studio Version 17
VisualStudioVersion = 17.9.34616.47
MinimumVisualStudioVersion = 10.0.40219.1
Project("{FAE04EC0-301F-11D3-BF4B-00C04F79EFBC}") = "MyFirstRepo", "MyFirstRepo\MyFirstRepo.csproj", "{CA5629DB-F595-4705-9A4C-D84635B9B4C1}"
EndProject
Global
	GlobalSection(SolutionConfigurationPlatforms) = preSolution
		Debug|Any CPU = Debug|Any CPU
		Release|Any CPU = Release|Any CPU
	EndGlobalSection
	GlobalSection(ProjectConfigurationPlatforms) = postSolution
		{CA5629DB-F595-4705-9A4C-D84635B9B4C1}.Debug|Any CPU.ActiveCfg = Debug|Any CPU
		{CA5629DB-F595-4705-9A4C-D84635B9B4C1}.Debug|Any CPU.Build.0 = Debug|Any CPU
		{CA5629DB-F595-4705-9A4C-D84635B9B4C1}.Release|Any CPU.ActiveCfg = Release|Any CPU
		{CA5629DB-F595-4705-9A4C-D84635B9B4C1}.Release|Any CPU.Build.0 = Release|Any CPU
	EndGlobalSection
	GlobalSection(SolutionProperties) = preSolution
		HideSolutionNode = FALSE
	EndGlobalSection
	GlobalSection(ExtensibilityGlobals) = postSolution
		SolutionGuid = {8270A375-F1FC-4F74-96F9-EFAA0A2829BC}
	EndGlobalSection
EndGlobal
